{
  "originHash" : "e43f4d481afaa55de45c8b1b4679ca001e31a5e753a7eae6978576acae94c0f7",
  "pins" : [
    {
      "identity" : "fuzzysearch",
      "kind" : "remoteSourceControl",
      "location" : "https://github.com/MaximB0nd/FuzzySearch",
      "state" : {
        "branch" : "main",
        "revision" : "67f0485095fbc58f2c985ad49a69be607515b2ba"
      }
    },
    {
      "identity" : "utilitiesspm",
      "kind" : "remoteSourceControl",
      "location" : "https://github.com/MaximB0nd/UtilitiesSPM",
      "state" : {
        "branch" : "main",
        "revision" : "5644c778bef614acaf991aeacc3b0f4c86b70aac"
      }
    }
  ],
  "version" : 3
}
