{
  "originHash" : "16d0d6bd09ead7a714440dbb82a177b4c4645e1b8685957dfa8b97089bdbb473",
  "pins" : [
    {
      "identity" : "fuzzysearch",
      "kind" : "remoteSourceControl",
      "location" : "https://github.com/MaximB0nd/FuzzySearch",
      "state" : {
        "branch" : "main",
        "revision" : "2f0b0c5bef87cf4bf3e2349d628b9e316cfb2456"
      }
    }
  ],
  "version" : 3
}
